
Microsoft Visual Studio Solution File, Format Version 12.00
# Visual Studio Version 16
VisualStudioVersion = 16.0.30503.244
MinimumVisualStudioVersion = 10.0.40219.1
Project("{FAE04EC0-301F-11D3-BF4B-00C04F79EFBC}") = "WebTrackerCoreUI", "WebTrackerCoreUI\WebTrackerCoreUI.csproj", "{F44E1373-202D-476B-A9C7-2257C46DE8DF}"
EndProject
Project("{9A19103F-16F7-4668-BE54-9A1E7A4F7556}") = "QueueApp", "QueueApp\QueueApp.csproj", "{B679A1B1-D81E-4743-BA9E-728617AB5B44}"
EndProject
Global
	GlobalSection(SolutionConfigurationPlatforms) = preSolution
		Debug|Any CPU = Debug|Any CPU
		Release|Any CPU = Release|Any CPU
	EndGlobalSection
	GlobalSection(ProjectConfigurationPlatforms) = postSolution
		{F44E1373-202D-476B-A9C7-2257C46DE8DF}.Debug|Any CPU.ActiveCfg = Debug|Any CPU
		{F44E1373-202D-476B-A9C7-2257C46DE8DF}.Debug|Any CPU.Build.0 = Debug|Any CPU
		{F44E1373-202D-476B-A9C7-2257C46DE8DF}.Release|Any CPU.ActiveCfg = Release|Any CPU
		{F44E1373-202D-476B-A9C7-2257C46DE8DF}.Release|Any CPU.Build.0 = Release|Any CPU
		{B679A1B1-D81E-4743-BA9E-728617AB5B44}.Debug|Any CPU.ActiveCfg = Debug|Any CPU
		{B679A1B1-D81E-4743-BA9E-728617AB5B44}.Debug|Any CPU.Build.0 = Debug|Any CPU
		{B679A1B1-D81E-4743-BA9E-728617AB5B44}.Release|Any CPU.ActiveCfg = Release|Any CPU
		{B679A1B1-D81E-4743-BA9E-728617AB5B44}.Release|Any CPU.Build.0 = Release|Any CPU
	EndGlobalSection
	GlobalSection(SolutionProperties) = preSolution
		HideSolutionNode = FALSE
	EndGlobalSection
	GlobalSection(ExtensibilityGlobals) = postSolution
		SolutionGuid = {C77079D2-A2BE-489F-965E-36CB1394C1EE}
	EndGlobalSection
EndGlobal
